// !$*UTF8*$!
{
	archiveVersion = 1;
	classes = {
	};
	objectVersion = 46;
	objects = {

/* Begin PBXBuildFile section */
		58DF21E81EBA57370087140D /* AppDelegate.swift in Sources */ = {isa = PBXBuildFile; fileRef = 58DF21E71EBA57370087140D /* AppDelegate.swift */; };
		58DF21EA1EBA57370087140D /* ViewController.swift in Sources */ = {isa = PBXBuildFile; fileRef = 58DF21E91EBA57370087140D /* ViewController.swift */; };
		58DF21ED1EBA57370087140D /* Main.storyboard in Resources */ = {isa = PBXBuildFile; fileRef = 58DF21EB1EBA57370087140D /* Main.storyboard */; };
		58DF21F01EBA57370087140D /* VirtualTourist.xcdatamodeld in Sources */ = {isa = PBXBuildFile; fileRef = 58DF21EE1EBA57370087140D /* VirtualTourist.xcdatamodeld */; };
		58DF21F21EBA57370087140D /* Assets.xcassets in Resources */ = {isa = PBXBuildFile; fileRef = 58DF21F11EBA57370087140D /* Assets.xcassets */; };
		58DF21F51EBA57370087140D /* LaunchScreen.storyboard in Resources */ = {isa = PBXBuildFile; fileRef = 58DF21F31EBA57370087140D /* LaunchScreen.storyboard */; };
		58DF22001EBA57380087140D /* VirtualTouristTests.swift in Sources */ = {isa = PBXBuildFile; fileRef = 58DF21FF1EBA57380087140D /* VirtualTouristTests.swift */; };
		58DF220B1EBA57380087140D /* VirtualTouristUITests.swift in Sources */ = {isa = PBXBuildFile; fileRef = 58DF220A1EBA57380087140D /* VirtualTouristUITests.swift */; };
		58DF22191EBA84F30087140D /* TravelLocationsViewController.swift in Sources */ = {isa = PBXBuildFile; fileRef = 58DF22181EBA84F30087140D /* TravelLocationsViewController.swift */; };
		58DF221B1EBA856F0087140D /* PhotoAlbumViewController.swift in Sources */ = {isa = PBXBuildFile; fileRef = 58DF221A1EBA856F0087140D /* PhotoAlbumViewController.swift */; };
		58DF221E1EBBB48D0087140D /* TempViewController.swift in Sources */ = {isa = PBXBuildFile; fileRef = 58DF221D1EBBB48D0087140D /* TempViewController.swift */; };
		58DF22651EC3BBC10087140D /* GCDBlackBox.swift in Sources */ = {isa = PBXBuildFile; fileRef = 58DF22641EC3BBC10087140D /* GCDBlackBox.swift */; };
		58DF22671EC4AFE60087140D /* FlickrConstants.swift in Sources */ = {isa = PBXBuildFile; fileRef = 58DF22661EC4AFE60087140D /* FlickrConstants.swift */; };
		58DF22691EC4B2020087140D /* FlickrClient.swift in Sources */ = {isa = PBXBuildFile; fileRef = 58DF22681EC4B2020087140D /* FlickrClient.swift */; };
		58DF226C1EC511710087140D /* PhotoAlbumColletctionViewCell.swift in Sources */ = {isa = PBXBuildFile; fileRef = 58DF226B1EC511710087140D /* PhotoAlbumColletctionViewCell.swift */; };
		58DF22701EC647CD0087140D /* FlickrImageLink.swift in Sources */ = {isa = PBXBuildFile; fileRef = 58DF226F1EC647CD0087140D /* FlickrImageLink.swift */; };
/* End PBXBuildFile section */

/* Begin PBXContainerItemProxy section */
		58DF21FC1EBA57380087140D /* PBXContainerItemProxy */ = {
			isa = PBXContainerItemProxy;
			containerPortal = 58DF21DC1EBA57370087140D /* Project object */;
			proxyType = 1;
			remoteGlobalIDString = 58DF21E31EBA57370087140D;
			remoteInfo = VirtualTourist;
		};
		58DF22071EBA57380087140D /* PBXContainerItemProxy */ = {
			isa = PBXContainerItemProxy;
			containerPortal = 58DF21DC1EBA57370087140D /* Project object */;
			proxyType = 1;
			remoteGlobalIDString = 58DF21E31EBA57370087140D;
			remoteInfo = VirtualTourist;
		};
/* End PBXContainerItemProxy section */

/* Begin PBXFileReference section */
		58DF21E41EBA57370087140D /* VirtualTourist.app */ = {isa = PBXFileReference; explicitFileType = wrapper.application; includeInIndex = 0; path = VirtualTourist.app; sourceTree = BUILT_PRODUCTS_DIR; };
		58DF21E71EBA57370087140D /* AppDelegate.swift */ = {isa = PBXFileReference; lastKnownFileType = sourcecode.swift; path = AppDelegate.swift; sourceTree = "<group>"; };
		58DF21E91EBA57370087140D /* ViewController.swift */ = {isa = PBXFileReference; lastKnownFileType = sourcecode.swift; path = ViewController.swift; sourceTree = "<group>"; };
		58DF21EC1EBA57370087140D /* Base */ = {isa = PBXFileReference; lastKnownFileType = file.storyboard; name = Base; path = Base.lproj/Main.storyboard; sourceTree = "<group>"; };
		58DF21EF1EBA57370087140D /* VirtualTourist.xcdatamodel */ = {isa = PBXFileReference; lastKnownFileType = wrapper.xcdatamodel; path = VirtualTourist.xcdatamodel; sourceTree = "<group>"; };
		58DF21F11EBA57370087140D /* Assets.xcassets */ = {isa = PBXFileReference; lastKnownFileType = folder.assetcatalog; path = Assets.xcassets; sourceTree = "<group>"; };
		58DF21F41EBA57370087140D /* Base */ = {isa = PBXFileReference; lastKnownFileType = file.storyboard; name = Base; path = Base.lproj/LaunchScreen.storyboard; sourceTree = "<group>"; };
		58DF21F61EBA57370087140D /* Info.plist */ = {isa = PBXFileReference; lastKnownFileType = text.plist.xml; path = Info.plist; sourceTree = "<group>"; };
		58DF21FB1EBA57380087140D /* VirtualTouristTests.xctest */ = {isa = PBXFileReference; explicitFileType = wrapper.cfbundle; includeInIndex = 0; path = VirtualTouristTests.xctest; sourceTree = BUILT_PRODUCTS_DIR; };
		58DF21FF1EBA57380087140D /* VirtualTouristTests.swift */ = {isa = PBXFileReference; lastKnownFileType = sourcecode.swift; path = VirtualTouristTests.swift; sourceTree = "<group>"; };
		58DF22011EBA57380087140D /* Info.plist */ = {isa = PBXFileReference; lastKnownFileType = text.plist.xml; path = Info.plist; sourceTree = "<group>"; };
		58DF22061EBA57380087140D /* VirtualTouristUITests.xctest */ = {isa = PBXFileReference; explicitFileType = wrapper.cfbundle; includeInIndex = 0; path = VirtualTouristUITests.xctest; sourceTree = BUILT_PRODUCTS_DIR; };
		58DF220A1EBA57380087140D /* VirtualTouristUITests.swift */ = {isa = PBXFileReference; lastKnownFileType = sourcecode.swift; path = VirtualTouristUITests.swift; sourceTree = "<group>"; };
		58DF220C1EBA57380087140D /* Info.plist */ = {isa = PBXFileReference; lastKnownFileType = text.plist.xml; path = Info.plist; sourceTree = "<group>"; };
		58DF22181EBA84F30087140D /* TravelLocationsViewController.swift */ = {isa = PBXFileReference; fileEncoding = 4; lastKnownFileType = sourcecode.swift; path = TravelLocationsViewController.swift; sourceTree = "<group>"; };
		58DF221A1EBA856F0087140D /* PhotoAlbumViewController.swift */ = {isa = PBXFileReference; fileEncoding = 4; lastKnownFileType = sourcecode.swift; path = PhotoAlbumViewController.swift; sourceTree = "<group>"; };
		58DF221D1EBBB48D0087140D /* TempViewController.swift */ = {isa = PBXFileReference; fileEncoding = 4; lastKnownFileType = sourcecode.swift; path = TempViewController.swift; sourceTree = "<group>"; };
		58DF22641EC3BBC10087140D /* GCDBlackBox.swift */ = {isa = PBXFileReference; fileEncoding = 4; lastKnownFileType = sourcecode.swift; path = GCDBlackBox.swift; sourceTree = "<group>"; };
		58DF22661EC4AFE60087140D /* FlickrConstants.swift */ = {isa = PBXFileReference; fileEncoding = 4; lastKnownFileType = sourcecode.swift; path = FlickrConstants.swift; sourceTree = "<group>"; };
		58DF22681EC4B2020087140D /* FlickrClient.swift */ = {isa = PBXFileReference; fileEncoding = 4; lastKnownFileType = sourcecode.swift; path = FlickrClient.swift; sourceTree = "<group>"; };
		58DF226B1EC511710087140D /* PhotoAlbumColletctionViewCell.swift */ = {isa = PBXFileReference; fileEncoding = 4; lastKnownFileType = sourcecode.swift; path = PhotoAlbumColletctionViewCell.swift; sourceTree = "<group>"; };
		58DF226F1EC647CD0087140D /* FlickrImageLink.swift */ = {isa = PBXFileReference; fileEncoding = 4; lastKnownFileType = sourcecode.swift; path = FlickrImageLink.swift; sourceTree = "<group>"; };
/* End PBXFileReference section */

/* Begin PBXFrameworksBuildPhase section */
		58DF21E11EBA57370087140D /* Frameworks */ = {
			isa = PBXFrameworksBuildPhase;
			buildActionMask = 2147483647;
			files = (
			);
			runOnlyForDeploymentPostprocessing = 0;
		};
		58DF21F81EBA57380087140D /* Frameworks */ = {
			isa = PBXFrameworksBuildPhase;
			buildActionMask = 2147483647;
			files = (
			);
			runOnlyForDeploymentPostprocessing = 0;
		};
		58DF22031EBA57380087140D /* Frameworks */ = {
			isa = PBXFrameworksBuildPhase;
			buildActionMask = 2147483647;
			files = (
			);
			runOnlyForDeploymentPostprocessing = 0;
		};
/* End PBXFrameworksBuildPhase section */

/* Begin PBXGroup section */
		58DF21DB1EBA57370087140D = {
			isa = PBXGroup;
			children = (
				58DF21E61EBA57370087140D /* VirtualTourist */,
				58DF21FE1EBA57380087140D /* VirtualTouristTests */,
				58DF22091EBA57380087140D /* VirtualTouristUITests */,
				58DF21E51EBA57370087140D /* Products */,
			);
			sourceTree = "<group>";
		};
		58DF21E51EBA57370087140D /* Products */ = {
			isa = PBXGroup;
			children = (
				58DF21E41EBA57370087140D /* VirtualTourist.app */,
				58DF21FB1EBA57380087140D /* VirtualTouristTests.xctest */,
				58DF22061EBA57380087140D /* VirtualTouristUITests.xctest */,
			);
			name = Products;
			sourceTree = "<group>";
		};
		58DF21E61EBA57370087140D /* VirtualTourist */ = {
			isa = PBXGroup;
			children = (
				58DF21E71EBA57370087140D /* AppDelegate.swift */,
				58DF21E91EBA57370087140D /* ViewController.swift */,
				58DF226A1EC4B30A0087140D /* Model */,
				58DF221C1EBA85BA0087140D /* Controller */,
				58DF21EB1EBA57370087140D /* Main.storyboard */,
				58DF21F11EBA57370087140D /* Assets.xcassets */,
				58DF21F31EBA57370087140D /* LaunchScreen.storyboard */,
				58DF21F61EBA57370087140D /* Info.plist */,
				58DF21EE1EBA57370087140D /* VirtualTourist.xcdatamodeld */,
				58DF22641EC3BBC10087140D /* GCDBlackBox.swift */,
			);
			path = VirtualTourist;
			sourceTree = "<group>";
		};
		58DF21FE1EBA57380087140D /* VirtualTouristTests */ = {
			isa = PBXGroup;
			children = (
				58DF21FF1EBA57380087140D /* VirtualTouristTests.swift */,
				58DF22011EBA57380087140D /* Info.plist */,
			);
			path = VirtualTouristTests;
			sourceTree = "<group>";
		};
		58DF22091EBA57380087140D /* VirtualTouristUITests */ = {
			isa = PBXGroup;
			children = (
				58DF220A1EBA57380087140D /* VirtualTouristUITests.swift */,
				58DF220C1EBA57380087140D /* Info.plist */,
			);
			path = VirtualTouristUITests;
			sourceTree = "<group>";
		};
		58DF221C1EBA85BA0087140D /* Controller */ = {
			isa = PBXGroup;
			children = (
				58DF22181EBA84F30087140D /* TravelLocationsViewController.swift */,
				58DF221A1EBA856F0087140D /* PhotoAlbumViewController.swift */,
				58DF226B1EC511710087140D /* PhotoAlbumColletctionViewCell.swift */,
				58DF221D1EBBB48D0087140D /* TempViewController.swift */,
			);
			name = Controller;
			sourceTree = "<group>";
		};
		58DF226A1EC4B30A0087140D /* Model */ = {
			isa = PBXGroup;
			children = (
				58DF22661EC4AFE60087140D /* FlickrConstants.swift */,
				58DF22681EC4B2020087140D /* FlickrClient.swift */,
				58DF226F1EC647CD0087140D /* FlickrImageLink.swift */,
			);
			name = Model;
			sourceTree = "<group>";
		};
/* End PBXGroup section */

/* Begin PBXNativeTarget section */
		58DF21E31EBA57370087140D /* VirtualTourist */ = {
			isa = PBXNativeTarget;
			buildConfigurationList = 58DF220F1EBA57380087140D /* Build configuration list for PBXNativeTarget "VirtualTourist" */;
			buildPhases = (
				58DF21E01EBA57370087140D /* Sources */,
				58DF21E11EBA57370087140D /* Frameworks */,
				58DF21E21EBA57370087140D /* Resources */,
			);
			buildRules = (
			);
			dependencies = (
			);
			name = VirtualTourist;
			productName = VirtualTourist;
			productReference = 58DF21E41EBA57370087140D /* VirtualTourist.app */;
			productType = "com.apple.product-type.application";
		};
		58DF21FA1EBA57380087140D /* VirtualTouristTests */ = {
			isa = PBXNativeTarget;
			buildConfigurationList = 58DF22121EBA57380087140D /* Build configuration list for PBXNativeTarget "VirtualTouristTests" */;
			buildPhases = (
				58DF21F71EBA57380087140D /* Sources */,
				58DF21F81EBA57380087140D /* Frameworks */,
				58DF21F91EBA57380087140D /* Resources */,
			);
			buildRules = (
			);
			dependencies = (
				58DF21FD1EBA57380087140D /* PBXTargetDependency */,
			);
			name = VirtualTouristTests;
			productName = VirtualTouristTests;
			productReference = 58DF21FB1EBA57380087140D /* VirtualTouristTests.xctest */;
			productType = "com.apple.product-type.bundle.unit-test";
		};
		58DF22051EBA57380087140D /* VirtualTouristUITests */ = {
			isa = PBXNativeTarget;
			buildConfigurationList = 58DF22151EBA57380087140D /* Build configuration list for PBXNativeTarget "VirtualTouristUITests" */;
			buildPhases = (
				58DF22021EBA57380087140D /* Sources */,
				58DF22031EBA57380087140D /* Frameworks */,
				58DF22041EBA57380087140D /* Resources */,
			);
			buildRules = (
			);
			dependencies = (
				58DF22081EBA57380087140D /* PBXTargetDependency */,
			);
			name = VirtualTouristUITests;
			productName = VirtualTouristUITests;
			productReference = 58DF22061EBA57380087140D /* VirtualTouristUITests.xctest */;
			productType = "com.apple.product-type.bundle.ui-testing";
		};
/* End PBXNativeTarget section */

/* Begin PBXProject section */
		58DF21DC1EBA57370087140D /* Project object */ = {
			isa = PBXProject;
			attributes = {
				LastSwiftUpdateCheck = 0830;
				LastUpgradeCheck = 0830;
				ORGANIZATIONNAME = "Break List";
				TargetAttributes = {
					58DF21E31EBA57370087140D = {
						CreatedOnToolsVersion = 8.3.2;
						DevelopmentTeam = K32U974K8Q;
						ProvisioningStyle = Automatic;
					};
					58DF21FA1EBA57380087140D = {
						CreatedOnToolsVersion = 8.3.2;
						ProvisioningStyle = Automatic;
						TestTargetID = 58DF21E31EBA57370087140D;
					};
					58DF22051EBA57380087140D = {
						CreatedOnToolsVersion = 8.3.2;
						ProvisioningStyle = Automatic;
						TestTargetID = 58DF21E31EBA57370087140D;
					};
				};
			};
			buildConfigurationList = 58DF21DF1EBA57370087140D /* Build configuration list for PBXProject "VirtualTourist" */;
			compatibilityVersion = "Xcode 3.2";
			developmentRegion = English;
			hasScannedForEncodings = 0;
			knownRegions = (
				en,
				Base,
			);
			mainGroup = 58DF21DB1EBA57370087140D;
			productRefGroup = 58DF21E51EBA57370087140D /* Products */;
			projectDirPath = "";
			projectRoot = "";
			targets = (
				58DF21E31EBA57370087140D /* VirtualTourist */,
				58DF21FA1EBA57380087140D /* VirtualTouristTests */,
				58DF22051EBA57380087140D /* VirtualTouristUITests */,
			);
		};
/* End PBXProject section */

/* Begin PBXResourcesBuildPhase section */
		58DF21E21EBA57370087140D /* Resources */ = {
			isa = PBXResourcesBuildPhase;
			buildActionMask = 2147483647;
			files = (
				58DF21F51EBA57370087140D /* LaunchScreen.storyboard in Resources */,
				58DF21F21EBA57370087140D /* Assets.xcassets in Resources */,
				58DF21ED1EBA57370087140D /* Main.storyboard in Resources */,
			);
			runOnlyForDeploymentPostprocessing = 0;
		};
		58DF21F91EBA57380087140D /* Resources */ = {
			isa = PBXResourcesBuildPhase;
			buildActionMask = 2147483647;
			files = (
			);
			runOnlyForDeploymentPostprocessing = 0;
		};
		58DF22041EBA57380087140D /* Resources */ = {
			isa = PBXResourcesBuildPhase;
			buildActionMask = 2147483647;
			files = (
			);
			runOnlyForDeploymentPostprocessing = 0;
		};
/* End PBXResourcesBuildPhase section */

/* Begin PBXSourcesBuildPhase section */
		58DF21E01EBA57370087140D /* Sources */ = {
			isa = PBXSourcesBuildPhase;
			buildActionMask = 2147483647;
			files = (
				58DF21EA1EBA57370087140D /* ViewController.swift in Sources */,
				58DF221E1EBBB48D0087140D /* TempViewController.swift in Sources */,
				58DF226C1EC511710087140D /* PhotoAlbumColletctionViewCell.swift in Sources */,
				58DF21E81EBA57370087140D /* AppDelegate.swift in Sources */,
				58DF22701EC647CD0087140D /* FlickrImageLink.swift in Sources */,
				58DF21F01EBA57370087140D /* VirtualTourist.xcdatamodeld in Sources */,
				58DF221B1EBA856F0087140D /* PhotoAlbumViewController.swift in Sources */,
				58DF22671EC4AFE60087140D /* FlickrConstants.swift in Sources */,
				58DF22191EBA84F30087140D /* TravelLocationsViewController.swift in Sources */,
				58DF22651EC3BBC10087140D /* GCDBlackBox.swift in Sources */,
				58DF22691EC4B2020087140D /* FlickrClient.swift in Sources */,
			);
			runOnlyForDeploymentPostprocessing = 0;
		};
		58DF21F71EBA57380087140D /* Sources */ = {
			isa = PBXSourcesBuildPhase;
			buildActionMask = 2147483647;
			files = (
				58DF22001EBA57380087140D /* VirtualTouristTests.swift in Sources */,
			);
			runOnlyForDeploymentPostprocessing = 0;
		};
		58DF22021EBA57380087140D /* Sources */ = {
			isa = PBXSourcesBuildPhase;
			buildActionMask = 2147483647;
			files = (
				58DF220B1EBA57380087140D /* VirtualTouristUITests.swift in Sources */,
			);
			runOnlyForDeploymentPostprocessing = 0;
		};
/* End PBXSourcesBuildPhase section */

/* Begin PBXTargetDependency section */
		58DF21FD1EBA57380087140D /* PBXTargetDependency */ = {
			isa = PBXTargetDependency;
			target = 58DF21E31EBA57370087140D /* VirtualTourist */;
			targetProxy = 58DF21FC1EBA57380087140D /* PBXContainerItemProxy */;
		};
		58DF22081EBA57380087140D /* PBXTargetDependency */ = {
			isa = PBXTargetDependency;
			target = 58DF21E31EBA57370087140D /* VirtualTourist */;
			targetProxy = 58DF22071EBA57380087140D /* PBXContainerItemProxy */;
		};
/* End PBXTargetDependency section */

/* Begin PBXVariantGroup section */
		58DF21EB1EBA57370087140D /* Main.storyboard */ = {
			isa = PBXVariantGroup;
			children = (
				58DF21EC1EBA57370087140D /* Base */,
			);
			name = Main.storyboard;
			sourceTree = "<group>";
		};
		58DF21F31EBA57370087140D /* LaunchScreen.storyboard */ = {
			isa = PBXVariantGroup;
			children = (
				58DF21F41EBA57370087140D /* Base */,
			);
			name = LaunchScreen.storyboard;
			sourceTree = "<group>";
		};
/* End PBXVariantGroup section */

/* Begin XCBuildConfiguration section */
		58DF220D1EBA57380087140D /* Debug */ = {
			isa = XCBuildConfiguration;
			buildSettings = {
				ALWAYS_SEARCH_USER_PATHS = NO;
				CLANG_ANALYZER_NONNULL = YES;
				CLANG_ANALYZER_NUMBER_OBJECT_CONVERSION = YES_AGGRESSIVE;
				CLANG_CXX_LANGUAGE_STANDARD = "gnu++0x";
				CLANG_CXX_LIBRARY = "libc++";
				CLANG_ENABLE_MODULES = YES;
				CLANG_ENABLE_OBJC_ARC = YES;
				CLANG_WARN_BOOL_CONVERSION = YES;
				CLANG_WARN_CONSTANT_CONVERSION = YES;
				CLANG_WARN_DIRECT_OBJC_ISA_USAGE = YES_ERROR;
				CLANG_WARN_DOCUMENTATION_COMMENTS = YES;
				CLANG_WARN_EMPTY_BODY = YES;
				CLANG_WARN_ENUM_CONVERSION = YES;
				CLANG_WARN_INFINITE_RECURSION = YES;
				CLANG_WARN_INT_CONVERSION = YES;
				CLANG_WARN_OBJC_ROOT_CLASS = YES_ERROR;
				CLANG_WARN_SUSPICIOUS_MOVE = YES;
				CLANG_WARN_UNREACHABLE_CODE = YES;
				CLANG_WARN__DUPLICATE_METHOD_MATCH = YES;
				"CODE_SIGN_IDENTITY[sdk=iphoneos*]" = "iPhone Developer";
				COPY_PHASE_STRIP = NO;
				DEBUG_INFORMATION_FORMAT = dwarf;
				ENABLE_STRICT_OBJC_MSGSEND = YES;
				ENABLE_TESTABILITY = YES;
				GCC_C_LANGUAGE_STANDARD = gnu99;
				GCC_DYNAMIC_NO_PIC = NO;
				GCC_NO_COMMON_BLOCKS = YES;
				GCC_OPTIMIZATION_LEVEL = 0;
				GCC_PREPROCESSOR_DEFINITIONS = (
					"DEBUG=1",
					"$(inherited)",
				);
				GCC_WARN_64_TO_32_BIT_CONVERSION = YES;
				GCC_WARN_ABOUT_RETURN_TYPE = YES_ERROR;
				GCC_WARN_UNDECLARED_SELECTOR = YES;
				GCC_WARN_UNINITIALIZED_AUTOS = YES_AGGRESSIVE;
				GCC_WARN_UNUSED_FUNCTION = YES;
				GCC_WARN_UNUSED_VARIABLE = YES;
				IPHONEOS_DEPLOYMENT_TARGET = 10.3;
				MTL_ENABLE_DEBUG_INFO = YES;
				ONLY_ACTIVE_ARCH = YES;
				SDKROOT = iphoneos;
				SWIFT_ACTIVE_COMPILATION_CONDITIONS = DEBUG;
				SWIFT_OPTIMIZATION_LEVEL = "-Onone";
			};
			name = Debug;
		};
		58DF220E1EBA57380087140D /* Release */ = {
			isa = XCBuildConfiguration;
			buildSettings = {
				ALWAYS_SEARCH_USER_PATHS = NO;
				CLANG_ANALYZER_NONNULL = YES;
				CLANG_ANALYZER_NUMBER_OBJECT_CONVERSION = YES_AGGRESSIVE;
				CLANG_CXX_LANGUAGE_STANDARD = "gnu++0x";
				CLANG_CXX_LIBRARY = "libc++";
				CLANG_ENABLE_MODULES = YES;
				CLANG_ENABLE_OBJC_ARC = YES;
				CLANG_WARN_BOOL_CONVERSION = YES;
				CLANG_WARN_CONSTANT_CONVERSION = YES;
				CLANG_WARN_DIRECT_OBJC_ISA_USAGE = YES_ERROR;
				CLANG_WARN_DOCUMENTATION_COMMENTS = YES;
				CLANG_WARN_EMPTY_BODY = YES;
				CLANG_WARN_ENUM_CONVERSION = YES;
				CLANG_WARN_INFINITE_RECURSION = YES;
				CLANG_WARN_INT_CONVERSION = YES;
				CLANG_WARN_OBJC_ROOT_CLASS = YES_ERROR;
				CLANG_WARN_SUSPICIOUS_MOVE = YES;
				CLANG_WARN_UNREACHABLE_CODE = YES;
				CLANG_WARN__DUPLICATE_METHOD_MATCH = YES;
				"CODE_SIGN_IDENTITY[sdk=iphoneos*]" = "iPhone Developer";
				COPY_PHASE_STRIP = NO;
				DEBUG_INFORMATION_FORMAT = "dwarf-with-dsym";
				ENABLE_NS_ASSERTIONS = NO;
				ENABLE_STRICT_OBJC_MSGSEND = YES;
				GCC_C_LANGUAGE_STANDARD = gnu99;
				GCC_NO_COMMON_BLOCKS = YES;
				GCC_WARN_64_TO_32_BIT_CONVERSION = YES;
				GCC_WARN_ABOUT_RETURN_TYPE = YES_ERROR;
				GCC_WARN_UNDECLARED_SELECTOR = YES;
				GCC_WARN_UNINITIALIZED_AUTOS = YES_AGGRESSIVE;
				GCC_WARN_UNUSED_FUNCTION = YES;
				GCC_WARN_UNUSED_VARIABLE = YES;
				IPHONEOS_DEPLOYMENT_TARGET = 10.3;
				MTL_ENABLE_DEBUG_INFO = NO;
				SDKROOT = iphoneos;
				SWIFT_OPTIMIZATION_LEVEL = "-Owholemodule";
				VALIDATE_PRODUCT = YES;
			};
			name = Release;
		};
		58DF22101EBA57380087140D /* Debug */ = {
			isa = XCBuildConfiguration;
			buildSettings = {
				ASSETCATALOG_COMPILER_APPICON_NAME = AppIcon;
				DEVELOPMENT_TEAM = K32U974K8Q;
				INFOPLIST_FILE = VirtualTourist/Info.plist;
				LD_RUNPATH_SEARCH_PATHS = "$(inherited) @executable_path/Frameworks";
				PRODUCT_BUNDLE_IDENTIFIER = breaklist.VirtualTourist;
				PRODUCT_NAME = "$(TARGET_NAME)";
				SWIFT_VERSION = 3.0;
			};
			name = Debug;
		};
		58DF22111EBA57380087140D /* Release */ = {
			isa = XCBuildConfiguration;
			buildSettings = {
				ASSETCATALOG_COMPILER_APPICON_NAME = AppIcon;
				DEVELOPMENT_TEAM = K32U974K8Q;
				INFOPLIST_FILE = VirtualTourist/Info.plist;
				LD_RUNPATH_SEARCH_PATHS = "$(inherited) @executable_path/Frameworks";
				PRODUCT_BUNDLE_IDENTIFIER = breaklist.VirtualTourist;
				PRODUCT_NAME = "$(TARGET_NAME)";
				SWIFT_VERSION = 3.0;
			};
			name = Release;
		};
		58DF22131EBA57380087140D /* Debug */ = {
			isa = XCBuildConfiguration;
			buildSettings = {
				ALWAYS_EMBED_SWIFT_STANDARD_LIBRARIES = YES;
				BUNDLE_LOADER = "$(TEST_HOST)";
				INFOPLIST_FILE = VirtualTouristTests/Info.plist;
				LD_RUNPATH_SEARCH_PATHS = "$(inherited) @executable_path/Frameworks @loader_path/Frameworks";
				PRODUCT_BUNDLE_IDENTIFIER = breaklist.VirtualTouristTests;
				PRODUCT_NAME = "$(TARGET_NAME)";
				SWIFT_VERSION = 3.0;
				TEST_HOST = "$(BUILT_PRODUCTS_DIR)/VirtualTourist.app/VirtualTourist";
			};
			name = Debug;
		};
		58DF22141EBA57380087140D /* Release */ = {
			isa = XCBuildConfiguration;
			buildSettings = {
				ALWAYS_EMBED_SWIFT_STANDARD_LIBRARIES = YES;
				BUNDLE_LOADER = "$(TEST_HOST)";
				INFOPLIST_FILE = VirtualTouristTests/Info.plist;
				LD_RUNPATH_SEARCH_PATHS = "$(inherited) @executable_path/Frameworks @loader_path/Frameworks";
				PRODUCT_BUNDLE_IDENTIFIER = breaklist.VirtualTouristTests;
				PRODUCT_NAME = "$(TARGET_NAME)";
				SWIFT_VERSION = 3.0;
				TEST_HOST = "$(BUILT_PRODUCTS_DIR)/VirtualTourist.app/VirtualTourist";
			};
			name = Release;
		};
		58DF22161EBA57380087140D /* Debug */ = {
			isa = XCBuildConfiguration;
			buildSettings = {
				ALWAYS_EMBED_SWIFT_STANDARD_LIBRARIES = YES;
				INFOPLIST_FILE = VirtualTouristUITests/Info.plist;
				LD_RUNPATH_SEARCH_PATHS = "$(inherited) @executable_path/Frameworks @loader_path/Frameworks";
				PRODUCT_BUNDLE_IDENTIFIER = breaklist.VirtualTouristUITests;
				PRODUCT_NAME = "$(TARGET_NAME)";
				SWIFT_VERSION = 3.0;
				TEST_TARGET_NAME = VirtualTourist;
			};
			name = Debug;
		};
		58DF22171EBA57380087140D /* Release */ = {
			isa = XCBuildConfiguration;
			buildSettings = {
				ALWAYS_EMBED_SWIFT_STANDARD_LIBRARIES = YES;
				INFOPLIST_FILE = VirtualTouristUITests/Info.plist;
				LD_RUNPATH_SEARCH_PATHS = "$(inherited) @executable_path/Frameworks @loader_path/Frameworks";
				PRODUCT_BUNDLE_IDENTIFIER = breaklist.VirtualTouristUITests;
				PRODUCT_NAME = "$(TARGET_NAME)";
				SWIFT_VERSION = 3.0;
				TEST_TARGET_NAME = VirtualTourist;
			};
			name = Release;
		};
/* End XCBuildConfiguration section */

/* Begin XCConfigurationList section */
		58DF21DF1EBA57370087140D /* Build configuration list for PBXProject "VirtualTourist" */ = {
			isa = XCConfigurationList;
			buildConfigurations = (
				58DF220D1EBA57380087140D /* Debug */,
				58DF220E1EBA57380087140D /* Release */,
			);
			defaultConfigurationIsVisible = 0;
			defaultConfigurationName = Release;
		};
		58DF220F1EBA57380087140D /* Build configuration list for PBXNativeTarget "VirtualTourist" */ = {
			isa = XCConfigurationList;
			buildConfigurations = (
				58DF22101EBA57380087140D /* Debug */,
				58DF22111EBA57380087140D /* Release */,
			);
			defaultConfigurationIsVisible = 0;
		};
		58DF22121EBA57380087140D /* Build configuration list for PBXNativeTarget "VirtualTouristTests" */ = {
			isa = XCConfigurationList;
			buildConfigurations = (
				58DF22131EBA57380087140D /* Debug */,
				58DF22141EBA57380087140D /* Release */,
			);
			defaultConfigurationIsVisible = 0;
		};
		58DF22151EBA57380087140D /* Build configuration list for PBXNativeTarget "VirtualTouristUITests" */ = {
			isa = XCConfigurationList;
			buildConfigurations = (
				58DF22161EBA57380087140D /* Debug */,
				58DF22171EBA57380087140D /* Release */,
			);
			defaultConfigurationIsVisible = 0;
		};
/* End XCConfigurationList section */

/* Begin XCVersionGroup section */
		58DF21EE1EBA57370087140D /* VirtualTourist.xcdatamodeld */ = {
			isa = XCVersionGroup;
			children = (
				58DF21EF1EBA57370087140D /* VirtualTourist.xcdatamodel */,
			);
			currentVersion = 58DF21EF1EBA57370087140D /* VirtualTourist.xcdatamodel */;
			path = VirtualTourist.xcdatamodeld;
			sourceTree = "<group>";
			versionGroupType = wrapper.xcdatamodel;
		};
/* End XCVersionGroup section */
	};
	rootObject = 58DF21DC1EBA57370087140D /* Project object */;
}
